
Microsoft Visual Studio Solution File, Format Version 12.00
# Visual Studio Version 16
VisualStudioVersion = 16.0.30907.101
MinimumVisualStudioVersion = 10.0.40219.1
Project("{FAE04EC0-301F-11D3-BF4B-00C04F79EFBC}") = "WebApplication2__QaA", "WebApplication2__QaA.csproj", "{C64CAA1B-7047-44E5-AE82-4F04589B0363}"
EndProject
Global
	GlobalSection(SolutionConfigurationPlatforms) = preSolution
		Debug|Any CPU = Debug|Any CPU
		Release|Any CPU = Release|Any CPU
	EndGlobalSection
	GlobalSection(ProjectConfigurationPlatforms) = postSolution
		{C64CAA1B-7047-44E5-AE82-4F04589B0363}.Debug|Any CPU.ActiveCfg = Debug|Any CPU
		{C64CAA1B-7047-44E5-AE82-4F04589B0363}.Debug|Any CPU.Build.0 = Debug|Any CPU
		{C64CAA1B-7047-44E5-AE82-4F04589B0363}.Release|Any CPU.ActiveCfg = Release|Any CPU
		{C64CAA1B-7047-44E5-AE82-4F04589B0363}.Release|Any CPU.Build.0 = Release|Any CPU
	EndGlobalSection
	GlobalSection(SolutionProperties) = preSolution
		HideSolutionNode = FALSE
	EndGlobalSection
	GlobalSection(ExtensibilityGlobals) = postSolution
		SolutionGuid = {7C267570-A5EC-4407-92DB-6D69038CDA75}
	EndGlobalSection
EndGlobal
